# THIS IS AN AUTOGENERATED FILE. DO NOT EDIT THIS FILE DIRECTLY.
# yarn lockfile v1


three@^0.152.0:
  version "0.152.0"
  resolved "https://registry.yarnpkg.com/three/-/three-0.152.0.tgz#a50034af675c636322135b6bb829d6e7e3a6213d"
  integrity sha512-uvKoYo4b2bnqzsR4RJFuWecxwMKcgT1nFNmiWooCNr6AxZLCtfkj/xcfFgoi5mFopSVorh7bnvTHPfeW8DINGg==
